
Microsoft Visual Studio Solution File, Format Version 12.00
# Visual Studio Version 17
VisualStudioVersion = 17.7.34024.191
MinimumVisualStudioVersion = 10.0.40219.1
Project("{FAE04EC0-301F-11D3-BF4B-00C04F79EFBC}") = "Exercise_2_1", "Exercise_2_1\Exercise_2_1.csproj", "{822A4F42-F8E5-425E-A0D1-D2A562916196}"
EndProject
Global
	GlobalSection(SolutionConfigurationPlatforms) = preSolution
		Debug|Any CPU = Debug|Any CPU
		Release|Any CPU = Release|Any CPU
	EndGlobalSection
	GlobalSection(ProjectConfigurationPlatforms) = postSolution
		{822A4F42-F8E5-425E-A0D1-D2A562916196}.Debug|Any CPU.ActiveCfg = Debug|Any CPU
		{822A4F42-F8E5-425E-A0D1-D2A562916196}.Debug|Any CPU.Build.0 = Debug|Any CPU
		{822A4F42-F8E5-425E-A0D1-D2A562916196}.Release|Any CPU.ActiveCfg = Release|Any CPU
		{822A4F42-F8E5-425E-A0D1-D2A562916196}.Release|Any CPU.Build.0 = Release|Any CPU
	EndGlobalSection
	GlobalSection(SolutionProperties) = preSolution
		HideSolutionNode = FALSE
	EndGlobalSection
	GlobalSection(ExtensibilityGlobals) = postSolution
		SolutionGuid = {130CA4EA-072E-4ACB-836C-0A9CCF47CCAA}
	EndGlobalSection
EndGlobal
