
Microsoft Visual Studio Solution File, Format Version 12.00
# Visual Studio Version 17
VisualStudioVersion = 17.7.34024.191
MinimumVisualStudioVersion = 10.0.40219.1
Project("{FAE04EC0-301F-11D3-BF4B-00C04F79EFBC}") = "Exercise_3_5", "Exercise_3_5\Exercise_3_5.csproj", "{034CC599-B9B2-4FFA-934E-D43EDEB03E2B}"
EndProject
Global
	GlobalSection(SolutionConfigurationPlatforms) = preSolution
		Debug|Any CPU = Debug|Any CPU
		Release|Any CPU = Release|Any CPU
	EndGlobalSection
	GlobalSection(ProjectConfigurationPlatforms) = postSolution
		{034CC599-B9B2-4FFA-934E-D43EDEB03E2B}.Debug|Any CPU.ActiveCfg = Debug|Any CPU
		{034CC599-B9B2-4FFA-934E-D43EDEB03E2B}.Debug|Any CPU.Build.0 = Debug|Any CPU
		{034CC599-B9B2-4FFA-934E-D43EDEB03E2B}.Release|Any CPU.ActiveCfg = Release|Any CPU
		{034CC599-B9B2-4FFA-934E-D43EDEB03E2B}.Release|Any CPU.Build.0 = Release|Any CPU
	EndGlobalSection
	GlobalSection(SolutionProperties) = preSolution
		HideSolutionNode = FALSE
	EndGlobalSection
	GlobalSection(ExtensibilityGlobals) = postSolution
		SolutionGuid = {7F8E5FD3-A29A-411F-9BD6-FE21FD9CD169}
	EndGlobalSection
EndGlobal
