
Microsoft Visual Studio Solution File, Format Version 12.00
# Visual Studio Version 17
VisualStudioVersion = 17.7.34024.191
MinimumVisualStudioVersion = 10.0.40219.1
Project("{FAE04EC0-301F-11D3-BF4B-00C04F79EFBC}") = "Exercise_1_13", "Exercise_1_13\Exercise_1_13.csproj", "{C706F3EF-6F59-4E22-A473-0D753097EB1F}"
EndProject
Global
	GlobalSection(SolutionConfigurationPlatforms) = preSolution
		Debug|Any CPU = Debug|Any CPU
		Release|Any CPU = Release|Any CPU
	EndGlobalSection
	GlobalSection(ProjectConfigurationPlatforms) = postSolution
		{C706F3EF-6F59-4E22-A473-0D753097EB1F}.Debug|Any CPU.ActiveCfg = Debug|Any CPU
		{C706F3EF-6F59-4E22-A473-0D753097EB1F}.Debug|Any CPU.Build.0 = Debug|Any CPU
		{C706F3EF-6F59-4E22-A473-0D753097EB1F}.Release|Any CPU.ActiveCfg = Release|Any CPU
		{C706F3EF-6F59-4E22-A473-0D753097EB1F}.Release|Any CPU.Build.0 = Release|Any CPU
	EndGlobalSection
	GlobalSection(SolutionProperties) = preSolution
		HideSolutionNode = FALSE
	EndGlobalSection
	GlobalSection(ExtensibilityGlobals) = postSolution
		SolutionGuid = {2CF708CB-DCE6-4FB0-BD8D-0AD891457AC8}
	EndGlobalSection
EndGlobal
