
Microsoft Visual Studio Solution File, Format Version 12.00
# Visual Studio Version 17
VisualStudioVersion = 17.7.34024.191
MinimumVisualStudioVersion = 10.0.40219.1
Project("{FAE04EC0-301F-11D3-BF4B-00C04F79EFBC}") = "Exercise_2_15", "Exercise_2_15\Exercise_2_15.csproj", "{BDAE843C-C0D4-427E-A736-F81C40ECC53C}"
EndProject
Global
	GlobalSection(SolutionConfigurationPlatforms) = preSolution
		Debug|Any CPU = Debug|Any CPU
		Release|Any CPU = Release|Any CPU
	EndGlobalSection
	GlobalSection(ProjectConfigurationPlatforms) = postSolution
		{BDAE843C-C0D4-427E-A736-F81C40ECC53C}.Debug|Any CPU.ActiveCfg = Debug|Any CPU
		{BDAE843C-C0D4-427E-A736-F81C40ECC53C}.Debug|Any CPU.Build.0 = Debug|Any CPU
		{BDAE843C-C0D4-427E-A736-F81C40ECC53C}.Release|Any CPU.ActiveCfg = Release|Any CPU
		{BDAE843C-C0D4-427E-A736-F81C40ECC53C}.Release|Any CPU.Build.0 = Release|Any CPU
	EndGlobalSection
	GlobalSection(SolutionProperties) = preSolution
		HideSolutionNode = FALSE
	EndGlobalSection
	GlobalSection(ExtensibilityGlobals) = postSolution
		SolutionGuid = {ED019C43-158D-403A-AC74-1AF2BBCF249B}
	EndGlobalSection
EndGlobal
