
Microsoft Visual Studio Solution File, Format Version 12.00
# Visual Studio Version 17
VisualStudioVersion = 17.7.34024.191
MinimumVisualStudioVersion = 10.0.40219.1
Project("{FAE04EC0-301F-11D3-BF4B-00C04F79EFBC}") = "Exercise_1_11", "Exercise_1_11\Exercise_1_11.csproj", "{9FB4A2BF-3EBB-40EB-AE07-4D382CEFB352}"
EndProject
Global
	GlobalSection(SolutionConfigurationPlatforms) = preSolution
		Debug|Any CPU = Debug|Any CPU
		Release|Any CPU = Release|Any CPU
	EndGlobalSection
	GlobalSection(ProjectConfigurationPlatforms) = postSolution
		{9FB4A2BF-3EBB-40EB-AE07-4D382CEFB352}.Debug|Any CPU.ActiveCfg = Debug|Any CPU
		{9FB4A2BF-3EBB-40EB-AE07-4D382CEFB352}.Debug|Any CPU.Build.0 = Debug|Any CPU
		{9FB4A2BF-3EBB-40EB-AE07-4D382CEFB352}.Release|Any CPU.ActiveCfg = Release|Any CPU
		{9FB4A2BF-3EBB-40EB-AE07-4D382CEFB352}.Release|Any CPU.Build.0 = Release|Any CPU
	EndGlobalSection
	GlobalSection(SolutionProperties) = preSolution
		HideSolutionNode = FALSE
	EndGlobalSection
	GlobalSection(ExtensibilityGlobals) = postSolution
		SolutionGuid = {832A013B-8275-46B1-BB67-C257B1602371}
	EndGlobalSection
EndGlobal
