
Microsoft Visual Studio Solution File, Format Version 12.00
# Visual Studio Version 17
VisualStudioVersion = 17.7.34024.191
MinimumVisualStudioVersion = 10.0.40219.1
Project("{FAE04EC0-301F-11D3-BF4B-00C04F79EFBC}") = "Exercise_2_1", "Exercise_2_1\Exercise_2_1.csproj", "{E94CDADE-B948-4454-8370-D4E74AF19C43}"
EndProject
Global
	GlobalSection(SolutionConfigurationPlatforms) = preSolution
		Debug|Any CPU = Debug|Any CPU
		Release|Any CPU = Release|Any CPU
	EndGlobalSection
	GlobalSection(ProjectConfigurationPlatforms) = postSolution
		{E94CDADE-B948-4454-8370-D4E74AF19C43}.Debug|Any CPU.ActiveCfg = Debug|Any CPU
		{E94CDADE-B948-4454-8370-D4E74AF19C43}.Debug|Any CPU.Build.0 = Debug|Any CPU
		{E94CDADE-B948-4454-8370-D4E74AF19C43}.Release|Any CPU.ActiveCfg = Release|Any CPU
		{E94CDADE-B948-4454-8370-D4E74AF19C43}.Release|Any CPU.Build.0 = Release|Any CPU
	EndGlobalSection
	GlobalSection(SolutionProperties) = preSolution
		HideSolutionNode = FALSE
	EndGlobalSection
	GlobalSection(ExtensibilityGlobals) = postSolution
		SolutionGuid = {0EF37C4F-DA9E-471B-94B8-C87AD98AE92D}
	EndGlobalSection
EndGlobal
