
Microsoft Visual Studio Solution File, Format Version 12.00
# Visual Studio Version 17
VisualStudioVersion = 17.7.34024.191
MinimumVisualStudioVersion = 10.0.40219.1
Project("{FAE04EC0-301F-11D3-BF4B-00C04F79EFBC}") = "Exercise_2_7_A", "Exercise_2_7_A\Exercise_2_7_A.csproj", "{0FD2842C-B7D6-4966-8A42-8BCDF1C7DF7D}"
EndProject
Global
	GlobalSection(SolutionConfigurationPlatforms) = preSolution
		Debug|Any CPU = Debug|Any CPU
		Release|Any CPU = Release|Any CPU
	EndGlobalSection
	GlobalSection(ProjectConfigurationPlatforms) = postSolution
		{0FD2842C-B7D6-4966-8A42-8BCDF1C7DF7D}.Debug|Any CPU.ActiveCfg = Debug|Any CPU
		{0FD2842C-B7D6-4966-8A42-8BCDF1C7DF7D}.Debug|Any CPU.Build.0 = Debug|Any CPU
		{0FD2842C-B7D6-4966-8A42-8BCDF1C7DF7D}.Release|Any CPU.ActiveCfg = Release|Any CPU
		{0FD2842C-B7D6-4966-8A42-8BCDF1C7DF7D}.Release|Any CPU.Build.0 = Release|Any CPU
	EndGlobalSection
	GlobalSection(SolutionProperties) = preSolution
		HideSolutionNode = FALSE
	EndGlobalSection
	GlobalSection(ExtensibilityGlobals) = postSolution
		SolutionGuid = {6102711D-4190-4219-A928-8762CF9B7DB4}
	EndGlobalSection
EndGlobal
