
Microsoft Visual Studio Solution File, Format Version 12.00
# Visual Studio Version 17
VisualStudioVersion = 17.7.34024.191
MinimumVisualStudioVersion = 10.0.40219.1
Project("{FAE04EC0-301F-11D3-BF4B-00C04F79EFBC}") = "Exercise_1_17", "Exercise_1_17\Exercise_1_17.csproj", "{A5CC30AF-A2B1-4149-9C66-DA6F2BDC9279}"
EndProject
Global
	GlobalSection(SolutionConfigurationPlatforms) = preSolution
		Debug|Any CPU = Debug|Any CPU
		Release|Any CPU = Release|Any CPU
	EndGlobalSection
	GlobalSection(ProjectConfigurationPlatforms) = postSolution
		{A5CC30AF-A2B1-4149-9C66-DA6F2BDC9279}.Debug|Any CPU.ActiveCfg = Debug|Any CPU
		{A5CC30AF-A2B1-4149-9C66-DA6F2BDC9279}.Debug|Any CPU.Build.0 = Debug|Any CPU
		{A5CC30AF-A2B1-4149-9C66-DA6F2BDC9279}.Release|Any CPU.ActiveCfg = Release|Any CPU
		{A5CC30AF-A2B1-4149-9C66-DA6F2BDC9279}.Release|Any CPU.Build.0 = Release|Any CPU
	EndGlobalSection
	GlobalSection(SolutionProperties) = preSolution
		HideSolutionNode = FALSE
	EndGlobalSection
	GlobalSection(ExtensibilityGlobals) = postSolution
		SolutionGuid = {D5D39829-21D6-420D-A203-36B757FBA45C}
	EndGlobalSection
EndGlobal
