
Microsoft Visual Studio Solution File, Format Version 12.00
# Visual Studio Version 17
VisualStudioVersion = 17.7.34024.191
MinimumVisualStudioVersion = 10.0.40219.1
Project("{FAE04EC0-301F-11D3-BF4B-00C04F79EFBC}") = "Exercise_1_12", "Exercise_1_12\Exercise_1_12.csproj", "{2C74891A-52AC-43C7-AD29-34B578746C67}"
EndProject
Global
	GlobalSection(SolutionConfigurationPlatforms) = preSolution
		Debug|Any CPU = Debug|Any CPU
		Release|Any CPU = Release|Any CPU
	EndGlobalSection
	GlobalSection(ProjectConfigurationPlatforms) = postSolution
		{2C74891A-52AC-43C7-AD29-34B578746C67}.Debug|Any CPU.ActiveCfg = Debug|Any CPU
		{2C74891A-52AC-43C7-AD29-34B578746C67}.Debug|Any CPU.Build.0 = Debug|Any CPU
		{2C74891A-52AC-43C7-AD29-34B578746C67}.Release|Any CPU.ActiveCfg = Release|Any CPU
		{2C74891A-52AC-43C7-AD29-34B578746C67}.Release|Any CPU.Build.0 = Release|Any CPU
	EndGlobalSection
	GlobalSection(SolutionProperties) = preSolution
		HideSolutionNode = FALSE
	EndGlobalSection
	GlobalSection(ExtensibilityGlobals) = postSolution
		SolutionGuid = {F415AA6C-9556-4911-8E7A-0F6C05E9DA03}
	EndGlobalSection
EndGlobal
