
Microsoft Visual Studio Solution File, Format Version 12.00
# Visual Studio Version 17
VisualStudioVersion = 17.7.34024.191
MinimumVisualStudioVersion = 10.0.40219.1
Project("{FAE04EC0-301F-11D3-BF4B-00C04F79EFBC}") = "Exercise_2_2", "Exercise_2_2\Exercise_2_2.csproj", "{0EB9A051-0A56-451E-AE5C-CE2D1E121FD4}"
EndProject
Global
	GlobalSection(SolutionConfigurationPlatforms) = preSolution
		Debug|Any CPU = Debug|Any CPU
		Release|Any CPU = Release|Any CPU
	EndGlobalSection
	GlobalSection(ProjectConfigurationPlatforms) = postSolution
		{0EB9A051-0A56-451E-AE5C-CE2D1E121FD4}.Debug|Any CPU.ActiveCfg = Debug|Any CPU
		{0EB9A051-0A56-451E-AE5C-CE2D1E121FD4}.Debug|Any CPU.Build.0 = Debug|Any CPU
		{0EB9A051-0A56-451E-AE5C-CE2D1E121FD4}.Release|Any CPU.ActiveCfg = Release|Any CPU
		{0EB9A051-0A56-451E-AE5C-CE2D1E121FD4}.Release|Any CPU.Build.0 = Release|Any CPU
	EndGlobalSection
	GlobalSection(SolutionProperties) = preSolution
		HideSolutionNode = FALSE
	EndGlobalSection
	GlobalSection(ExtensibilityGlobals) = postSolution
		SolutionGuid = {CA67BE62-EEA6-46BD-9081-6797D76D9257}
	EndGlobalSection
EndGlobal
