
Microsoft Visual Studio Solution File, Format Version 12.00
# Visual Studio Version 17
VisualStudioVersion = 17.7.34024.191
MinimumVisualStudioVersion = 10.0.40219.1
Project("{FAE04EC0-301F-11D3-BF4B-00C04F79EFBC}") = "Exercise_3_1", "Exercise_3_1\Exercise_3_1.csproj", "{915589C9-1208-4889-8A3B-A389CE37C484}"
EndProject
Global
	GlobalSection(SolutionConfigurationPlatforms) = preSolution
		Debug|Any CPU = Debug|Any CPU
		Release|Any CPU = Release|Any CPU
	EndGlobalSection
	GlobalSection(ProjectConfigurationPlatforms) = postSolution
		{915589C9-1208-4889-8A3B-A389CE37C484}.Debug|Any CPU.ActiveCfg = Debug|Any CPU
		{915589C9-1208-4889-8A3B-A389CE37C484}.Debug|Any CPU.Build.0 = Debug|Any CPU
		{915589C9-1208-4889-8A3B-A389CE37C484}.Release|Any CPU.ActiveCfg = Release|Any CPU
		{915589C9-1208-4889-8A3B-A389CE37C484}.Release|Any CPU.Build.0 = Release|Any CPU
	EndGlobalSection
	GlobalSection(SolutionProperties) = preSolution
		HideSolutionNode = FALSE
	EndGlobalSection
	GlobalSection(ExtensibilityGlobals) = postSolution
		SolutionGuid = {E6E52883-54E6-4E11-8E64-53A49DBE11EE}
	EndGlobalSection
EndGlobal
