
Microsoft Visual Studio Solution File, Format Version 12.00
# Visual Studio Version 17
VisualStudioVersion = 17.7.34024.191
MinimumVisualStudioVersion = 10.0.40219.1
Project("{FAE04EC0-301F-11D3-BF4B-00C04F79EFBC}") = "Exercise_3_13", "Exercise_3_13\Exercise_3_13.csproj", "{FB317F5C-A458-4D42-B170-A5EFA3326401}"
EndProject
Global
	GlobalSection(SolutionConfigurationPlatforms) = preSolution
		Debug|Any CPU = Debug|Any CPU
		Release|Any CPU = Release|Any CPU
	EndGlobalSection
	GlobalSection(ProjectConfigurationPlatforms) = postSolution
		{FB317F5C-A458-4D42-B170-A5EFA3326401}.Debug|Any CPU.ActiveCfg = Debug|Any CPU
		{FB317F5C-A458-4D42-B170-A5EFA3326401}.Debug|Any CPU.Build.0 = Debug|Any CPU
		{FB317F5C-A458-4D42-B170-A5EFA3326401}.Release|Any CPU.ActiveCfg = Release|Any CPU
		{FB317F5C-A458-4D42-B170-A5EFA3326401}.Release|Any CPU.Build.0 = Release|Any CPU
	EndGlobalSection
	GlobalSection(SolutionProperties) = preSolution
		HideSolutionNode = FALSE
	EndGlobalSection
	GlobalSection(ExtensibilityGlobals) = postSolution
		SolutionGuid = {9BD360E5-DD95-4BD4-B2DA-0E5DC0FE415C}
	EndGlobalSection
EndGlobal
