
Microsoft Visual Studio Solution File, Format Version 12.00
# Visual Studio Version 17
VisualStudioVersion = 17.7.34024.191
MinimumVisualStudioVersion = 10.0.40219.1
Project("{FAE04EC0-301F-11D3-BF4B-00C04F79EFBC}") = "Exercise_1_9", "Exercise_1_9\Exercise_1_9.csproj", "{A41E354A-BAB4-4E49-932E-3A3D2246B10E}"
EndProject
Global
	GlobalSection(SolutionConfigurationPlatforms) = preSolution
		Debug|Any CPU = Debug|Any CPU
		Release|Any CPU = Release|Any CPU
	EndGlobalSection
	GlobalSection(ProjectConfigurationPlatforms) = postSolution
		{A41E354A-BAB4-4E49-932E-3A3D2246B10E}.Debug|Any CPU.ActiveCfg = Debug|Any CPU
		{A41E354A-BAB4-4E49-932E-3A3D2246B10E}.Debug|Any CPU.Build.0 = Debug|Any CPU
		{A41E354A-BAB4-4E49-932E-3A3D2246B10E}.Release|Any CPU.ActiveCfg = Release|Any CPU
		{A41E354A-BAB4-4E49-932E-3A3D2246B10E}.Release|Any CPU.Build.0 = Release|Any CPU
	EndGlobalSection
	GlobalSection(SolutionProperties) = preSolution
		HideSolutionNode = FALSE
	EndGlobalSection
	GlobalSection(ExtensibilityGlobals) = postSolution
		SolutionGuid = {E3EF6091-422B-4000-82C1-5FFB327721E9}
	EndGlobalSection
EndGlobal
