
Microsoft Visual Studio Solution File, Format Version 12.00
# Visual Studio Version 17
VisualStudioVersion = 17.7.34024.191
MinimumVisualStudioVersion = 10.0.40219.1
Project("{FAE04EC0-301F-11D3-BF4B-00C04F79EFBC}") = "Exercise_3_3", "Exercise_3_3\Exercise_3_3.csproj", "{49818B6A-42F2-47FA-8A10-D052FA873280}"
EndProject
Global
	GlobalSection(SolutionConfigurationPlatforms) = preSolution
		Debug|Any CPU = Debug|Any CPU
		Release|Any CPU = Release|Any CPU
	EndGlobalSection
	GlobalSection(ProjectConfigurationPlatforms) = postSolution
		{49818B6A-42F2-47FA-8A10-D052FA873280}.Debug|Any CPU.ActiveCfg = Debug|Any CPU
		{49818B6A-42F2-47FA-8A10-D052FA873280}.Debug|Any CPU.Build.0 = Debug|Any CPU
		{49818B6A-42F2-47FA-8A10-D052FA873280}.Release|Any CPU.ActiveCfg = Release|Any CPU
		{49818B6A-42F2-47FA-8A10-D052FA873280}.Release|Any CPU.Build.0 = Release|Any CPU
	EndGlobalSection
	GlobalSection(SolutionProperties) = preSolution
		HideSolutionNode = FALSE
	EndGlobalSection
	GlobalSection(ExtensibilityGlobals) = postSolution
		SolutionGuid = {F7C68AF9-E9B0-4C80-93E5-0162DE982E74}
	EndGlobalSection
EndGlobal
