
Microsoft Visual Studio Solution File, Format Version 12.00
# Visual Studio Version 17
VisualStudioVersion = 17.7.34024.191
MinimumVisualStudioVersion = 10.0.40219.1
Project("{FAE04EC0-301F-11D3-BF4B-00C04F79EFBC}") = "Exercise_1_4", "Exercise_1_4\Exercise_1_4.csproj", "{ACA04B42-0787-4FA2-91D0-160CE99792BE}"
EndProject
Global
	GlobalSection(SolutionConfigurationPlatforms) = preSolution
		Debug|Any CPU = Debug|Any CPU
		Release|Any CPU = Release|Any CPU
	EndGlobalSection
	GlobalSection(ProjectConfigurationPlatforms) = postSolution
		{ACA04B42-0787-4FA2-91D0-160CE99792BE}.Debug|Any CPU.ActiveCfg = Debug|Any CPU
		{ACA04B42-0787-4FA2-91D0-160CE99792BE}.Debug|Any CPU.Build.0 = Debug|Any CPU
		{ACA04B42-0787-4FA2-91D0-160CE99792BE}.Release|Any CPU.ActiveCfg = Release|Any CPU
		{ACA04B42-0787-4FA2-91D0-160CE99792BE}.Release|Any CPU.Build.0 = Release|Any CPU
	EndGlobalSection
	GlobalSection(SolutionProperties) = preSolution
		HideSolutionNode = FALSE
	EndGlobalSection
	GlobalSection(ExtensibilityGlobals) = postSolution
		SolutionGuid = {C6FD9B1C-893B-40BB-A21C-6221C5A97C45}
	EndGlobalSection
EndGlobal
