
Microsoft Visual Studio Solution File, Format Version 12.00
# Visual Studio Version 17
VisualStudioVersion = 17.7.34024.191
MinimumVisualStudioVersion = 10.0.40219.1
Project("{FAE04EC0-301F-11D3-BF4B-00C04F79EFBC}") = "Exercise_2_1", "Exercise_2_1\Exercise_2_1.csproj", "{0AC87E2C-0E6C-4A0B-A00D-06BBB316F058}"
EndProject
Global
	GlobalSection(SolutionConfigurationPlatforms) = preSolution
		Debug|Any CPU = Debug|Any CPU
		Release|Any CPU = Release|Any CPU
	EndGlobalSection
	GlobalSection(ProjectConfigurationPlatforms) = postSolution
		{0AC87E2C-0E6C-4A0B-A00D-06BBB316F058}.Debug|Any CPU.ActiveCfg = Debug|Any CPU
		{0AC87E2C-0E6C-4A0B-A00D-06BBB316F058}.Debug|Any CPU.Build.0 = Debug|Any CPU
		{0AC87E2C-0E6C-4A0B-A00D-06BBB316F058}.Release|Any CPU.ActiveCfg = Release|Any CPU
		{0AC87E2C-0E6C-4A0B-A00D-06BBB316F058}.Release|Any CPU.Build.0 = Release|Any CPU
	EndGlobalSection
	GlobalSection(SolutionProperties) = preSolution
		HideSolutionNode = FALSE
	EndGlobalSection
	GlobalSection(ExtensibilityGlobals) = postSolution
		SolutionGuid = {49E0CE7A-6E30-4EE0-BADC-5598C0DDDF9E}
	EndGlobalSection
EndGlobal
